// !$*UTF8*$!
{
	archiveVersion = 1;
	classes = {
	};
	objectVersion = 55;
	objects = {

/* Begin PBXBuildFile section */
		98A0324927A4B1B700B97D57 /* AccentColorGradientExtension.swift in Sources */ = {isa = PBXBuildFile; fileRef = 98A0324827A4B1B700B97D57 /* AccentColorGradientExtension.swift */; };
		98A184F127A373D500ABCA12 /* OnBoardingView.swift in Sources */ = {isa = PBXBuildFile; fileRef = 98A184F027A373D500ABCA12 /* OnBoardingView.swift */; };
		98A184F327A3747400ABCA12 /* UIScreenExtension.swift in Sources */ = {isa = PBXBuildFile; fileRef = 98A184F227A3747400ABCA12 /* UIScreenExtension.swift */; };
		98A184F727A38F1B00ABCA12 /* ImageAssets.xcassets in Resources */ = {isa = PBXBuildFile; fileRef = 98A184F627A38F1B00ABCA12 /* ImageAssets.xcassets */; };
		98A184FB27A398A900ABCA12 /* HomeView.swift in Sources */ = {isa = PBXBuildFile; fileRef = 98A184FA27A398A900ABCA12 /* HomeView.swift */; };
		98A184FD27A39C1100ABCA12 /* PostComponent.swift in Sources */ = {isa = PBXBuildFile; fileRef = 98A184FC27A39C1100ABCA12 /* PostComponent.swift */; };
		98EEFB7027A317C900356338 /* uMatterApp.swift in Sources */ = {isa = PBXBuildFile; fileRef = 98EEFB6F27A317C900356338 /* uMatterApp.swift */; };
		98EEFB7427A317CC00356338 /* Assets.xcassets in Resources */ = {isa = PBXBuildFile; fileRef = 98EEFB7327A317CC00356338 /* Assets.xcassets */; };
		98EEFB7727A317CC00356338 /* Preview Assets.xcassets in Resources */ = {isa = PBXBuildFile; fileRef = 98EEFB7627A317CC00356338 /* Preview Assets.xcassets */; };
		98F3183D27A480FA008C50C3 /* CreatePostView.swift in Sources */ = {isa = PBXBuildFile; fileRef = 98F3183C27A480FA008C50C3 /* CreatePostView.swift */; };
		98F3183F27A48915008C50C3 /* PostDetailsView.swift in Sources */ = {isa = PBXBuildFile; fileRef = 98F3183E27A48915008C50C3 /* PostDetailsView.swift */; };
		98F3184627A48A07008C50C3 /* PostData.xcdatamodeld in Sources */ = {isa = PBXBuildFile; fileRef = 98F3184427A48A07008C50C3 /* PostData.xcdatamodeld */; };
		98F3184827A48A27008C50C3 /* PostModel.swift in Sources */ = {isa = PBXBuildFile; fileRef = 98F3184727A48A27008C50C3 /* PostModel.swift */; };
		C08BED30284EBF25003D2552 /* ProfileView.swift in Sources */ = {isa = PBXBuildFile; fileRef = C08BED2F284EBF25003D2552 /* ProfileView.swift */; };
		C0C0BD41284D997A004F035D /* PostTemplate.swift in Sources */ = {isa = PBXBuildFile; fileRef = C0C0BD40284D997A004F035D /* PostTemplate.swift */; };
		C0C0BD43284D99FD004F035D /* IconsTemplate.swift in Sources */ = {isa = PBXBuildFile; fileRef = C0C0BD42284D99FD004F035D /* IconsTemplate.swift */; };
		C0C0BD45284D9A36004F035D /* ColorsTemplate.swift in Sources */ = {isa = PBXBuildFile; fileRef = C0C0BD44284D9A36004F035D /* ColorsTemplate.swift */; };
		C0C0BD4B284DA42F004F035D /* CreatePostFunc.swift in Sources */ = {isa = PBXBuildFile; fileRef = C0C0BD4A284DA42F004F035D /* CreatePostFunc.swift */; };
		C0E0D5F9284EB0590031FD9B /* ReportPostView.swift in Sources */ = {isa = PBXBuildFile; fileRef = C0E0D5F8284EB0590031FD9B /* ReportPostView.swift */; };
		C0EB728B284EB773006ADEC1 /* navigationTestTemplate.swift in Sources */ = {isa = PBXBuildFile; fileRef = C0EB728A284EB773006ADEC1 /* navigationTestTemplate.swift */; };
/* End PBXBuildFile section */

/* Begin PBXFileReference section */
		98A0324827A4B1B700B97D57 /* AccentColorGradientExtension.swift */ = {isa = PBXFileReference; lastKnownFileType = sourcecode.swift; path = AccentColorGradientExtension.swift; sourceTree = "<group>"; };
		98A184F027A373D500ABCA12 /* OnBoardingView.swift */ = {isa = PBXFileReference; lastKnownFileType = sourcecode.swift; path = OnBoardingView.swift; sourceTree = "<group>"; };
		98A184F227A3747400ABCA12 /* UIScreenExtension.swift */ = {isa = PBXFileReference; lastKnownFileType = sourcecode.swift; path = UIScreenExtension.swift; sourceTree = "<group>"; };
		98A184F627A38F1B00ABCA12 /* ImageAssets.xcassets */ = {isa = PBXFileReference; lastKnownFileType = folder.assetcatalog; path = ImageAssets.xcassets; sourceTree = "<group>"; };
		98A184FA27A398A900ABCA12 /* HomeView.swift */ = {isa = PBXFileReference; lastKnownFileType = sourcecode.swift; path = HomeView.swift; sourceTree = "<group>"; };
		98A184FC27A39C1100ABCA12 /* PostComponent.swift */ = {isa = PBXFileReference; lastKnownFileType = sourcecode.swift; path = PostComponent.swift; sourceTree = "<group>"; };
		98EEFB6C27A317C900356338 /* uMatter.app */ = {isa = PBXFileReference; explicitFileType = wrapper.application; includeInIndex = 0; path = uMatter.app; sourceTree = BUILT_PRODUCTS_DIR; };
		98EEFB6F27A317C900356338 /* uMatterApp.swift */ = {isa = PBXFileReference; lastKnownFileType = sourcecode.swift; path = uMatterApp.swift; sourceTree = "<group>"; };
		98EEFB7327A317CC00356338 /* Assets.xcassets */ = {isa = PBXFileReference; lastKnownFileType = folder.assetcatalog; path = Assets.xcassets; sourceTree = "<group>"; };
		98EEFB7627A317CC00356338 /* Preview Assets.xcassets */ = {isa = PBXFileReference; lastKnownFileType = folder.assetcatalog; path = "Preview Assets.xcassets"; sourceTree = "<group>"; };
		98F3183C27A480FA008C50C3 /* CreatePostView.swift */ = {isa = PBXFileReference; lastKnownFileType = sourcecode.swift; path = CreatePostView.swift; sourceTree = "<group>"; };
		98F3183E27A48915008C50C3 /* PostDetailsView.swift */ = {isa = PBXFileReference; lastKnownFileType = sourcecode.swift; path = PostDetailsView.swift; sourceTree = "<group>"; };
		98F3184527A48A07008C50C3 /* PostData.xcdatamodel */ = {isa = PBXFileReference; lastKnownFileType = wrapper.xcdatamodel; path = PostData.xcdatamodel; sourceTree = "<group>"; };
		98F3184727A48A27008C50C3 /* PostModel.swift */ = {isa = PBXFileReference; lastKnownFileType = sourcecode.swift; path = PostModel.swift; sourceTree = "<group>"; };
		C08BED2F284EBF25003D2552 /* ProfileView.swift */ = {isa = PBXFileReference; lastKnownFileType = sourcecode.swift; name = ProfileView.swift; path = ../../../../../ProfileView.swift; sourceTree = "<group>"; };
		C0C0BD40284D997A004F035D /* PostTemplate.swift */ = {isa = PBXFileReference; lastKnownFileType = sourcecode.swift; path = PostTemplate.swift; sourceTree = "<group>"; };
		C0C0BD42284D99FD004F035D /* IconsTemplate.swift */ = {isa = PBXFileReference; lastKnownFileType = sourcecode.swift; path = IconsTemplate.swift; sourceTree = "<group>"; };
		C0C0BD44284D9A36004F035D /* ColorsTemplate.swift */ = {isa = PBXFileReference; lastKnownFileType = sourcecode.swift; path = ColorsTemplate.swift; sourceTree = "<group>"; };
		C0C0BD4A284DA42F004F035D /* CreatePostFunc.swift */ = {isa = PBXFileReference; lastKnownFileType = sourcecode.swift; name = CreatePostFunc.swift; path = ../../../../../CreatePostFunc.swift; sourceTree = "<group>"; };
		C0E0D5F8284EB0590031FD9B /* ReportPostView.swift */ = {isa = PBXFileReference; lastKnownFileType = sourcecode.swift; name = ReportPostView.swift; path = ../../../../../ReportPostView.swift; sourceTree = "<group>"; };
		C0EB728A284EB773006ADEC1 /* navigationTestTemplate.swift */ = {isa = PBXFileReference; lastKnownFileType = sourcecode.swift; name = navigationTestTemplate.swift; path = ../../../../../navigationTestTemplate.swift; sourceTree = "<group>"; };
/* End PBXFileReference section */

/* Begin PBXFrameworksBuildPhase section */
		98EEFB6927A317C900356338 /* Frameworks */ = {
			isa = PBXFrameworksBuildPhase;
			buildActionMask = 2147483647;
			files = (
			);
			runOnlyForDeploymentPostprocessing = 0;
		};
/* End PBXFrameworksBuildPhase section */

/* Begin PBXGroup section */
		98EEFB6327A317C900356338 = {
			isa = PBXGroup;
			children = (
				98EEFB6E27A317C900356338 /* uMatter */,
				98EEFB6D27A317C900356338 /* Products */,
			);
			sourceTree = "<group>";
		};
		98EEFB6D27A317C900356338 /* Products */ = {
			isa = PBXGroup;
			children = (
				98EEFB6C27A317C900356338 /* uMatter.app */,
			);
			name = Products;
			sourceTree = "<group>";
		};
		98EEFB6E27A317C900356338 /* uMatter */ = {
			isa = PBXGroup;
			children = (
				C0EB7289284EB763006ADEC1 /* test */,
				C0C0BD49284DA417004F035D /* Func */,
				C0C0BD3F284D996B004F035D /* Template */,
				98F3184027A48942008C50C3 /* Model */,
				98EEFB8227A317F900356338 /* Data */,
				98EEFB8127A317F300356338 /* Extensions */,
				98EEFB8027A317EE00356338 /* Components */,
				98EEFB7D27A317DF00356338 /* App */,
				98EEFB7E27A317E300356338 /* Views */,
				98EEFB7F27A317E900356338 /* Assets */,
				98EEFB7527A317CC00356338 /* Preview Content */,
			);
			path = uMatter;
			sourceTree = "<group>";
		};
		98EEFB7527A317CC00356338 /* Preview Content */ = {
			isa = PBXGroup;
			children = (
				98EEFB7627A317CC00356338 /* Preview Assets.xcassets */,
			);
			path = "Preview Content";
			sourceTree = "<group>";
		};
		98EEFB7D27A317DF00356338 /* App */ = {
			isa = PBXGroup;
			children = (
				98EEFB6F27A317C900356338 /* uMatterApp.swift */,
			);
			path = App;
			sourceTree = "<group>";
		};
		98EEFB7E27A317E300356338 /* Views */ = {
			isa = PBXGroup;
			children = (
				98A184F027A373D500ABCA12 /* OnBoardingView.swift */,
				98A184FA27A398A900ABCA12 /* HomeView.swift */,
				98F3183C27A480FA008C50C3 /* CreatePostView.swift */,
				98F3183E27A48915008C50C3 /* PostDetailsView.swift */,
				C0E0D5F8284EB0590031FD9B /* ReportPostView.swift */,
				C08BED2F284EBF25003D2552 /* ProfileView.swift */,
			);
			path = Views;
			sourceTree = "<group>";
		};
		98EEFB7F27A317E900356338 /* Assets */ = {
			isa = PBXGroup;
			children = (
				98EEFB7327A317CC00356338 /* Assets.xcassets */,
				98A184F627A38F1B00ABCA12 /* ImageAssets.xcassets */,
			);
			path = Assets;
			sourceTree = "<group>";
		};
		98EEFB8027A317EE00356338 /* Components */ = {
			isa = PBXGroup;
			children = (
				98A184FC27A39C1100ABCA12 /* PostComponent.swift */,
			);
			path = Components;
			sourceTree = "<group>";
		};
		98EEFB8127A317F300356338 /* Extensions */ = {
			isa = PBXGroup;
			children = (
				98A184F227A3747400ABCA12 /* UIScreenExtension.swift */,
				98A0324827A4B1B700B97D57 /* AccentColorGradientExtension.swift */,
			);
			path = Extensions;
			sourceTree = "<group>";
		};
		98EEFB8227A317F900356338 /* Data */ = {
			isa = PBXGroup;
			children = (
				98F3184427A48A07008C50C3 /* PostData.xcdatamodeld */,
			);
			path = Data;
			sourceTree = "<group>";
		};
		98F3184027A48942008C50C3 /* Model */ = {
			isa = PBXGroup;
			children = (
				98F3184727A48A27008C50C3 /* PostModel.swift */,
			);
			path = Model;
			sourceTree = "<group>";
		};
		C0C0BD3F284D996B004F035D /* Template */ = {
			isa = PBXGroup;
			children = (
				C0C0BD40284D997A004F035D /* PostTemplate.swift */,
				C0C0BD42284D99FD004F035D /* IconsTemplate.swift */,
				C0C0BD44284D9A36004F035D /* ColorsTemplate.swift */,
			);
			path = Template;
			sourceTree = "<group>";
		};
		C0C0BD49284DA417004F035D /* Func */ = {
			isa = PBXGroup;
			children = (
				C0C0BD4A284DA42F004F035D /* CreatePostFunc.swift */,
			);
			path = Func;
			sourceTree = "<group>";
		};
		C0EB7289284EB763006ADEC1 /* test */ = {
			isa = PBXGroup;
			children = (
				C0EB728A284EB773006ADEC1 /* navigationTestTemplate.swift */,
			);
			path = test;
			sourceTree = "<group>";
		};
/* End PBXGroup section */

/* Begin PBXNativeTarget section */
		98EEFB6B27A317C900356338 /* uMatter */ = {
			isa = PBXNativeTarget;
			buildConfigurationList = 98EEFB7A27A317CC00356338 /* Build configuration list for PBXNativeTarget "uMatter" */;
			buildPhases = (
				98EEFB6827A317C900356338 /* Sources */,
				98EEFB6927A317C900356338 /* Frameworks */,
				98EEFB6A27A317C900356338 /* Resources */,
			);
			buildRules = (
			);
			dependencies = (
			);
			name = uMatter;
			productName = uMatter;
			productReference = 98EEFB6C27A317C900356338 /* uMatter.app */;
			productType = "com.apple.product-type.application";
		};
/* End PBXNativeTarget section */

/* Begin PBXProject section */
		98EEFB6427A317C900356338 /* Project object */ = {
			isa = PBXProject;
			attributes = {
				BuildIndependentTargetsInParallel = 1;
				LastSwiftUpdateCheck = 1320;
				LastUpgradeCheck = 1320;
				TargetAttributes = {
					98EEFB6B27A317C900356338 = {
						CreatedOnToolsVersion = 13.2.1;
					};
				};
			};
			buildConfigurationList = 98EEFB6727A317C900356338 /* Build configuration list for PBXProject "uMatter" */;
			compatibilityVersion = "Xcode 13.0";
			developmentRegion = en;
			hasScannedForEncodings = 0;
			knownRegions = (
				en,
				Base,
			);
			mainGroup = 98EEFB6327A317C900356338;
			productRefGroup = 98EEFB6D27A317C900356338 /* Products */;
			projectDirPath = "";
			projectRoot = "";
			targets = (
				98EEFB6B27A317C900356338 /* uMatter */,
			);
		};
/* End PBXProject section */

/* Begin PBXResourcesBuildPhase section */
		98EEFB6A27A317C900356338 /* Resources */ = {
			isa = PBXResourcesBuildPhase;
			buildActionMask = 2147483647;
			files = (
				98EEFB7727A317CC00356338 /* Preview Assets.xcassets in Resources */,
				98EEFB7427A317CC00356338 /* Assets.xcassets in Resources */,
				98A184F727A38F1B00ABCA12 /* ImageAssets.xcassets in Resources */,
			);
			runOnlyForDeploymentPostprocessing = 0;
		};
/* End PBXResourcesBuildPhase section */

/* Begin PBXSourcesBuildPhase section */
		98EEFB6827A317C900356338 /* Sources */ = {
			isa = PBXSourcesBuildPhase;
			buildActionMask = 2147483647;
			files = (
				98A184F127A373D500ABCA12 /* OnBoardingView.swift in Sources */,
				98F3184827A48A27008C50C3 /* PostModel.swift in Sources */,
				98F3183F27A48915008C50C3 /* PostDetailsView.swift in Sources */,
				98A184F327A3747400ABCA12 /* UIScreenExtension.swift in Sources */,
				98F3183D27A480FA008C50C3 /* CreatePostView.swift in Sources */,
				98A184FD27A39C1100ABCA12 /* PostComponent.swift in Sources */,
				98F3184627A48A07008C50C3 /* PostData.xcdatamodeld in Sources */,
				C0C0BD4B284DA42F004F035D /* CreatePostFunc.swift in Sources */,
				C0EB728B284EB773006ADEC1 /* navigationTestTemplate.swift in Sources */,
				C08BED30284EBF25003D2552 /* ProfileView.swift in Sources */,
				C0C0BD43284D99FD004F035D /* IconsTemplate.swift in Sources */,
				C0C0BD45284D9A36004F035D /* ColorsTemplate.swift in Sources */,
				98A184FB27A398A900ABCA12 /* HomeView.swift in Sources */,
				C0E0D5F9284EB0590031FD9B /* ReportPostView.swift in Sources */,
				98A0324927A4B1B700B97D57 /* AccentColorGradientExtension.swift in Sources */,
				98EEFB7027A317C900356338 /* uMatterApp.swift in Sources */,
				C0C0BD41284D997A004F035D /* PostTemplate.swift in Sources */,
			);
			runOnlyForDeploymentPostprocessing = 0;
		};
/* End PBXSourcesBuildPhase section */

/* Begin XCBuildConfiguration section */
		98EEFB7827A317CC00356338 /* Debug */ = {
			isa = XCBuildConfiguration;
			buildSettings = {
				ALWAYS_SEARCH_USER_PATHS = NO;
				CLANG_ANALYZER_NONNULL = YES;
				CLANG_ANALYZER_NUMBER_OBJECT_CONVERSION = YES_AGGRESSIVE;
				CLANG_CXX_LANGUAGE_STANDARD = "gnu++17";
				CLANG_CXX_LIBRARY = "libc++";
				CLANG_ENABLE_MODULES = YES;
				CLANG_ENABLE_OBJC_ARC = YES;
				CLANG_ENABLE_OBJC_WEAK = YES;
				CLANG_WARN_BLOCK_CAPTURE_AUTORELEASING = YES;
				CLANG_WARN_BOOL_CONVERSION = YES;
				CLANG_WARN_COMMA = YES;
				CLANG_WARN_CONSTANT_CONVERSION = YES;
				CLANG_WARN_DEPRECATED_OBJC_IMPLEMENTATIONS = YES;
				CLANG_WARN_DIRECT_OBJC_ISA_USAGE = YES_ERROR;
				CLANG_WARN_DOCUMENTATION_COMMENTS = YES;
				CLANG_WARN_EMPTY_BODY = YES;
				CLANG_WARN_ENUM_CONVERSION = YES;
				CLANG_WARN_INFINITE_RECURSION = YES;
				CLANG_WARN_INT_CONVERSION = YES;
				CLANG_WARN_NON_LITERAL_NULL_CONVERSION = YES;
				CLANG_WARN_OBJC_IMPLICIT_RETAIN_SELF = YES;
				CLANG_WARN_OBJC_LITERAL_CONVERSION = YES;
				CLANG_WARN_OBJC_ROOT_CLASS = YES_ERROR;
				CLANG_WARN_QUOTED_INCLUDE_IN_FRAMEWORK_HEADER = YES;
				CLANG_WARN_RANGE_LOOP_ANALYSIS = YES;
				CLANG_WARN_STRICT_PROTOTYPES = YES;
				CLANG_WARN_SUSPICIOUS_MOVE = YES;
				CLANG_WARN_UNGUARDED_AVAILABILITY = YES_AGGRESSIVE;
				CLANG_WARN_UNREACHABLE_CODE = YES;
				CLANG_WARN__DUPLICATE_METHOD_MATCH = YES;
				COPY_PHASE_STRIP = NO;
				DEBUG_INFORMATION_FORMAT = dwarf;
				ENABLE_STRICT_OBJC_MSGSEND = YES;
				ENABLE_TESTABILITY = YES;
				GCC_C_LANGUAGE_STANDARD = gnu11;
				GCC_DYNAMIC_NO_PIC = NO;
				GCC_NO_COMMON_BLOCKS = YES;
				GCC_OPTIMIZATION_LEVEL = 0;
				GCC_PREPROCESSOR_DEFINITIONS = (
					"DEBUG=1",
					"$(inherited)",
				);
				GCC_WARN_64_TO_32_BIT_CONVERSION = YES;
				GCC_WARN_ABOUT_RETURN_TYPE = YES_ERROR;
				GCC_WARN_UNDECLARED_SELECTOR = YES;
				GCC_WARN_UNINITIALIZED_AUTOS = YES_AGGRESSIVE;
				GCC_WARN_UNUSED_FUNCTION = YES;
				GCC_WARN_UNUSED_VARIABLE = YES;
				IPHONEOS_DEPLOYMENT_TARGET = 15.2;
				MTL_ENABLE_DEBUG_INFO = INCLUDE_SOURCE;
				MTL_FAST_MATH = YES;
				ONLY_ACTIVE_ARCH = YES;
				SDKROOT = iphoneos;
				SWIFT_ACTIVE_COMPILATION_CONDITIONS = DEBUG;
				SWIFT_OPTIMIZATION_LEVEL = "-Onone";
			};
			name = Debug;
		};
		98EEFB7927A317CC00356338 /* Release */ = {
			isa = XCBuildConfiguration;
			buildSettings = {
				ALWAYS_SEARCH_USER_PATHS = NO;
				CLANG_ANALYZER_NONNULL = YES;
				CLANG_ANALYZER_NUMBER_OBJECT_CONVERSION = YES_AGGRESSIVE;
				CLANG_CXX_LANGUAGE_STANDARD = "gnu++17";
				CLANG_CXX_LIBRARY = "libc++";
				CLANG_ENABLE_MODULES = YES;
				CLANG_ENABLE_OBJC_ARC = YES;
				CLANG_ENABLE_OBJC_WEAK = YES;
				CLANG_WARN_BLOCK_CAPTURE_AUTORELEASING = YES;
				CLANG_WARN_BOOL_CONVERSION = YES;
				CLANG_WARN_COMMA = YES;
				CLANG_WARN_CONSTANT_CONVERSION = YES;
				CLANG_WARN_DEPRECATED_OBJC_IMPLEMENTATIONS = YES;
				CLANG_WARN_DIRECT_OBJC_ISA_USAGE = YES_ERROR;
				CLANG_WARN_DOCUMENTATION_COMMENTS = YES;
				CLANG_WARN_EMPTY_BODY = YES;
				CLANG_WARN_ENUM_CONVERSION = YES;
				CLANG_WARN_INFINITE_RECURSION = YES;
				CLANG_WARN_INT_CONVERSION = YES;
				CLANG_WARN_NON_LITERAL_NULL_CONVERSION = YES;
				CLANG_WARN_OBJC_IMPLICIT_RETAIN_SELF = YES;
				CLANG_WARN_OBJC_LITERAL_CONVERSION = YES;
				CLANG_WARN_OBJC_ROOT_CLASS = YES_ERROR;
				CLANG_WARN_QUOTED_INCLUDE_IN_FRAMEWORK_HEADER = YES;
				CLANG_WARN_RANGE_LOOP_ANALYSIS = YES;
				CLANG_WARN_STRICT_PROTOTYPES = YES;
				CLANG_WARN_SUSPICIOUS_MOVE = YES;
				CLANG_WARN_UNGUARDED_AVAILABILITY = YES_AGGRESSIVE;
				CLANG_WARN_UNREACHABLE_CODE = YES;
				CLANG_WARN__DUPLICATE_METHOD_MATCH = YES;
				COPY_PHASE_STRIP = NO;
				DEBUG_INFORMATION_FORMAT = "dwarf-with-dsym";
				ENABLE_NS_ASSERTIONS = NO;
				ENABLE_STRICT_OBJC_MSGSEND = YES;
				GCC_C_LANGUAGE_STANDARD = gnu11;
				GCC_NO_COMMON_BLOCKS = YES;
				GCC_WARN_64_TO_32_BIT_CONVERSION = YES;
				GCC_WARN_ABOUT_RETURN_TYPE = YES_ERROR;
				GCC_WARN_UNDECLARED_SELECTOR = YES;
				GCC_WARN_UNINITIALIZED_AUTOS = YES_AGGRESSIVE;
				GCC_WARN_UNUSED_FUNCTION = YES;
				GCC_WARN_UNUSED_VARIABLE = YES;
				IPHONEOS_DEPLOYMENT_TARGET = 15.2;
				MTL_ENABLE_DEBUG_INFO = NO;
				MTL_FAST_MATH = YES;
				SDKROOT = iphoneos;
				SWIFT_COMPILATION_MODE = wholemodule;
				SWIFT_OPTIMIZATION_LEVEL = "-O";
				VALIDATE_PRODUCT = YES;
			};
			name = Release;
		};
		98EEFB7B27A317CC00356338 /* Debug */ = {
			isa = XCBuildConfiguration;
			buildSettings = {
				ASSETCATALOG_COMPILER_APPICON_NAME = AppIcon;
				ASSETCATALOG_COMPILER_GLOBAL_ACCENT_COLOR_NAME = AccentColor;
				CODE_SIGN_STYLE = Automatic;
				CURRENT_PROJECT_VERSION = 1;
				DEVELOPMENT_ASSET_PATHS = "\"uMatter/Preview Content\"";
				DEVELOPMENT_TEAM = 9Z86N6X4FM;
				ENABLE_PREVIEWS = YES;
				GENERATE_INFOPLIST_FILE = YES;
				INFOPLIST_KEY_UIApplicationSceneManifest_Generation = YES;
				INFOPLIST_KEY_UIApplicationSupportsIndirectInputEvents = YES;
				INFOPLIST_KEY_UILaunchScreen_Generation = YES;
				INFOPLIST_KEY_UISupportedInterfaceOrientations_iPad = "UIInterfaceOrientationPortrait UIInterfaceOrientationPortraitUpsideDown UIInterfaceOrientationLandscapeLeft UIInterfaceOrientationLandscapeRight";
				INFOPLIST_KEY_UISupportedInterfaceOrientations_iPhone = "UIInterfaceOrientationPortrait UIInterfaceOrientationLandscapeLeft UIInterfaceOrientationLandscapeRight";
				LD_RUNPATH_SEARCH_PATHS = (
					"$(inherited)",
					"@executable_path/Frameworks",
				);
				MARKETING_VERSION = 1.0;
				PRODUCT_BUNDLE_IDENTIFIER = com.carlosamaral.uMatter;
				PRODUCT_NAME = "$(TARGET_NAME)";
				SWIFT_EMIT_LOC_STRINGS = YES;
				SWIFT_VERSION = 5.0;
				TARGETED_DEVICE_FAMILY = "1,2";
			};
			name = Debug;
		};
		98EEFB7C27A317CC00356338 /* Release */ = {
			isa = XCBuildConfiguration;
			buildSettings = {
				ASSETCATALOG_COMPILER_APPICON_NAME = AppIcon;
				ASSETCATALOG_COMPILER_GLOBAL_ACCENT_COLOR_NAME = AccentColor;
				CODE_SIGN_STYLE = Automatic;
				CURRENT_PROJECT_VERSION = 1;
				DEVELOPMENT_ASSET_PATHS = "\"uMatter/Preview Content\"";
				DEVELOPMENT_TEAM = 9Z86N6X4FM;
				ENABLE_PREVIEWS = YES;
				GENERATE_INFOPLIST_FILE = YES;
				INFOPLIST_KEY_UIApplicationSceneManifest_Generation = YES;
				INFOPLIST_KEY_UIApplicationSupportsIndirectInputEvents = YES;
				INFOPLIST_KEY_UILaunchScreen_Generation = YES;
				INFOPLIST_KEY_UISupportedInterfaceOrientations_iPad = "UIInterfaceOrientationPortrait UIInterfaceOrientationPortraitUpsideDown UIInterfaceOrientationLandscapeLeft UIInterfaceOrientationLandscapeRight";
				INFOPLIST_KEY_UISupportedInterfaceOrientations_iPhone = "UIInterfaceOrientationPortrait UIInterfaceOrientationLandscapeLeft UIInterfaceOrientationLandscapeRight";
				LD_RUNPATH_SEARCH_PATHS = (
					"$(inherited)",
					"@executable_path/Frameworks",
				);
				MARKETING_VERSION = 1.0;
				PRODUCT_BUNDLE_IDENTIFIER = com.carlosamaral.uMatter;
				PRODUCT_NAME = "$(TARGET_NAME)";
				SWIFT_EMIT_LOC_STRINGS = YES;
				SWIFT_VERSION = 5.0;
				TARGETED_DEVICE_FAMILY = "1,2";
			};
			name = Release;
		};
/* End XCBuildConfiguration section */

/* Begin XCConfigurationList section */
		98EEFB6727A317C900356338 /* Build configuration list for PBXProject "uMatter" */ = {
			isa = XCConfigurationList;
			buildConfigurations = (
				98EEFB7827A317CC00356338 /* Debug */,
				98EEFB7927A317CC00356338 /* Release */,
			);
			defaultConfigurationIsVisible = 0;
			defaultConfigurationName = Release;
		};
		98EEFB7A27A317CC00356338 /* Build configuration list for PBXNativeTarget "uMatter" */ = {
			isa = XCConfigurationList;
			buildConfigurations = (
				98EEFB7B27A317CC00356338 /* Debug */,
				98EEFB7C27A317CC00356338 /* Release */,
			);
			defaultConfigurationIsVisible = 0;
			defaultConfigurationName = Release;
		};
/* End XCConfigurationList section */

/* Begin XCVersionGroup section */
		98F3184427A48A07008C50C3 /* PostData.xcdatamodeld */ = {
			isa = XCVersionGroup;
			children = (
				98F3184527A48A07008C50C3 /* PostData.xcdatamodel */,
			);
			currentVersion = 98F3184527A48A07008C50C3 /* PostData.xcdatamodel */;
			path = PostData.xcdatamodeld;
			sourceTree = "<group>";
			versionGroupType = wrapper.xcdatamodel;
		};
/* End XCVersionGroup section */
	};
	rootObject = 98EEFB6427A317C900356338 /* Project object */;
}
